
Microsoft Visual Studio Solution File, Format Version 12.00
# Visual Studio Version 16
VisualStudioVersion = 16.0.31129.286
MinimumVisualStudioVersion = 10.0.40219.1
Project("{FAE04EC0-301F-11D3-BF4B-00C04F79EFBC}") = "Aplicacion1", "Aplicacion1\Aplicacion1.csproj", "{CC283BA3-E45A-4C72-8551-FB5A5295C6A1}"
EndProject
Global
	GlobalSection(SolutionConfigurationPlatforms) = preSolution
		Debug|Any CPU = Debug|Any CPU
		Release|Any CPU = Release|Any CPU
	EndGlobalSection
	GlobalSection(ProjectConfigurationPlatforms) = postSolution
		{CC283BA3-E45A-4C72-8551-FB5A5295C6A1}.Debug|Any CPU.ActiveCfg = Debug|Any CPU
		{CC283BA3-E45A-4C72-8551-FB5A5295C6A1}.Debug|Any CPU.Build.0 = Debug|Any CPU
		{CC283BA3-E45A-4C72-8551-FB5A5295C6A1}.Release|Any CPU.ActiveCfg = Release|Any CPU
		{CC283BA3-E45A-4C72-8551-FB5A5295C6A1}.Release|Any CPU.Build.0 = Release|Any CPU
	EndGlobalSection
	GlobalSection(SolutionProperties) = preSolution
		HideSolutionNode = FALSE
	EndGlobalSection
	GlobalSection(ExtensibilityGlobals) = postSolution
		SolutionGuid = {688CAC4C-A6B8-4FD7-8CCB-15043DC18B68}
	EndGlobalSection
EndGlobal
